{
  "name": "test-repo",
  "version": "1.0.0",
  "lockfileVersion": 3,
  "requires": true,
  "packages": {
    "": {
      "name": "test-repo",
      "version": "1.0.0",
      "dependencies": {
        "scatool-test-project2": "^1.0.6"
      }
    },
    "node_modules/scatool-test-project2": {
      "version": "1.0.6",
      "resolved": "https://registry.npmjs.org/scatool-test-project2/-/scatool-test-project2-1.0.6.tgz",
      "integrity": "sha512-VTnkPmp6FBmGRZldLro6duAhvyPUQIsFbX8ROK1TNwQh9R/fSJeQkm2SVjI4APDI8cjWBMyyHeiTr4S4DMnF5g==",
      "license": "ISC"
    }
  }
}
